{
  "name": "@patebryant/ptop",
  "version": "0.1.0",
  "lockfileVersion": 3,
  "requires": true,
  "packages": {
    "": {
      "name": "@patebryant/ptop",
      "version": "0.1.0",
      "cpu": [
        "arm64"
      ],
      "license": "MIT",
      "os": [
        "darwin"
      ],
      "bin": {
        "ptop": "bin/ptop"
      }
    }
  }
}
